
Microsoft Visual Studio Solution File, Format Version 11.00
# Visual Studio 2010
Project("{FAE04EC0-301F-11D3-BF4B-00C04F79EFBC}") = "Test ARKit", "Assembly-CSharp-firstpass.csproj", "{100EBB08-1671-616B-8153-CE5EF2C1B609}"
EndProject
Project("{FAE04EC0-301F-11D3-BF4B-00C04F79EFBC}") = "Test ARKit", "Assembly-CSharp.csproj", "{02314B44-3123-CD0E-6CBB-7A9F926106B6}"
EndProject
Project("{FAE04EC0-301F-11D3-BF4B-00C04F79EFBC}") = "Test ARKit", "Assembly-CSharp-Editor-firstpass.csproj", "{3B0A411A-91FD-6C02-827A-1665B481F2FD}"
EndProject
Project("{FAE04EC0-301F-11D3-BF4B-00C04F79EFBC}") = "Test ARKit", "Assembly-CSharp-Editor.csproj", "{A6B2F9A8-514E-98A1-1521-14B18FFF998E}"
EndProject
Global
	GlobalSection(SolutionConfigurationPlatforms) = preSolution
		Debug|Any CPU = Debug|Any CPU
		Release|Any CPU = Release|Any CPU
	EndGlobalSection
	GlobalSection(ProjectConfigurationPlatforms) = postSolution
		{100EBB08-1671-616B-8153-CE5EF2C1B609}.Debug|Any CPU.ActiveCfg = Debug|Any CPU
		{100EBB08-1671-616B-8153-CE5EF2C1B609}.Debug|Any CPU.Build.0 = Debug|Any CPU
		{100EBB08-1671-616B-8153-CE5EF2C1B609}.Release|Any CPU.ActiveCfg = Release|Any CPU
		{100EBB08-1671-616B-8153-CE5EF2C1B609}.Release|Any CPU.Build.0 = Release|Any CPU
		{02314B44-3123-CD0E-6CBB-7A9F926106B6}.Debug|Any CPU.ActiveCfg = Debug|Any CPU
		{02314B44-3123-CD0E-6CBB-7A9F926106B6}.Debug|Any CPU.Build.0 = Debug|Any CPU
		{02314B44-3123-CD0E-6CBB-7A9F926106B6}.Release|Any CPU.ActiveCfg = Release|Any CPU
		{02314B44-3123-CD0E-6CBB-7A9F926106B6}.Release|Any CPU.Build.0 = Release|Any CPU
		{3B0A411A-91FD-6C02-827A-1665B481F2FD}.Debug|Any CPU.ActiveCfg = Debug|Any CPU
		{3B0A411A-91FD-6C02-827A-1665B481F2FD}.Debug|Any CPU.Build.0 = Debug|Any CPU
		{3B0A411A-91FD-6C02-827A-1665B481F2FD}.Release|Any CPU.ActiveCfg = Release|Any CPU
		{3B0A411A-91FD-6C02-827A-1665B481F2FD}.Release|Any CPU.Build.0 = Release|Any CPU
		{A6B2F9A8-514E-98A1-1521-14B18FFF998E}.Debug|Any CPU.ActiveCfg = Debug|Any CPU
		{A6B2F9A8-514E-98A1-1521-14B18FFF998E}.Debug|Any CPU.Build.0 = Debug|Any CPU
		{A6B2F9A8-514E-98A1-1521-14B18FFF998E}.Release|Any CPU.ActiveCfg = Release|Any CPU
		{A6B2F9A8-514E-98A1-1521-14B18FFF998E}.Release|Any CPU.Build.0 = Release|Any CPU
	EndGlobalSection
	GlobalSection(SolutionProperties) = preSolution
		HideSolutionNode = FALSE
	EndGlobalSection
	GlobalSection(MonoDevelopProperties) = preSolution
		StartupItem = Assembly-CSharp.csproj
	EndGlobalSection
EndGlobal
